# This file was autogenerated by Stack.
# You should not edit this file by hand.
# For more information, please see the documentation at:
#   https://docs.haskellstack.org/en/stable/lock_files

packages:
- completed:
    hackage: vect-0.4.7@sha256:218bb44622096d1e72772507fac4e073887fa6483f7b64d068d14ed2300ca377,3208
    pantry-tree:
      size: 2206
      sha256: 7b35a2433d7b8d88fa56c58fee97f0820f2f2526b7156194612c5566b7528713
  original:
    hackage: vect-0.4.7
- completed:
    size: 160005
    subdir: lambdacube-ir.haskell
    url: https://github.com/lambdacube3d/lambdacube-ir/archive/8a0a17abedc9d6b46b41d744c1a2be53efa6336b.tar.gz
    name: lambdacube-ir
    version: 0.3.1.1
    sha256: 2ded6e68072b7ba11ae51ad9ca966ce1ab3546e198dbea9e5cfc8edb15184ac5
    pantry-tree:
      size: 532
      sha256: e0e3e6fe5463bf57b69821df895dd5790d10e187340a959c5959be11a3cb23fd
  original:
    subdir: lambdacube-ir.haskell
    url: https://github.com/lambdacube3d/lambdacube-ir/archive/8a0a17abedc9d6b46b41d744c1a2be53efa6336b.tar.gz
snapshots:
- completed:
    size: 568435
    url: https://raw.githubusercontent.com/commercialhaskell/stackage-snapshots/master/lts/10/4.yaml
    sha256: 65ac0604c29a81f0aef5dff499eb9d6c5cdd7dbfedcfdad6b3f0a9e75b422cbe
  original: lts-10.4
