# This file was autogenerated by Stack.
# You should not edit this file by hand.
# For more information, please see the documentation at:
#   https://docs.haskellstack.org/en/stable/lock_files

packages:
- completed:
    hackage: vect-0.4.7@sha256:218bb44622096d1e72772507fac4e073887fa6483f7b64d068d14ed2300ca377,3208
    pantry-tree:
      size: 2206
      sha256: 7b35a2433d7b8d88fa56c58fee97f0820f2f2526b7156194612c5566b7528713
  original:
    hackage: vect-0.4.7@sha256:218bb44622096d1e72772507fac4e073887fa6483f7b64d068d14ed2300ca377,3208
- completed:
    hackage: proteaaudio-0.9.4@sha256:ece81858960a46661c09b64074cb9966359e8e8751e4066d6c332cc23bd96e6e,2907
    pantry-tree:
      size: 1875
      sha256: f087bcde88e3cf9be15ea780ebe4683b9bdfd8fa6f2164c1c9054d0dc535292e
  original:
    hackage: proteaaudio-0.9.4@sha256:ece81858960a46661c09b64074cb9966359e8e8751e4066d6c332cc23bd96e6e,2907
- completed:
    hackage: vulkan-api-1.4.0.0@sha256:a8a9dcd0b97d0fe110a09776d757943e3c5197b0262ed0805d8ab33926be390a,28801
    pantry-tree:
      size: 42332
      sha256: f9582d6284adf14bd55ef7bd4e1717a3d5035dcec7e021786c643b8fc6b84862
  original:
    hackage: vulkan-api-1.4.0.0@sha256:a8a9dcd0b97d0fe110a09776d757943e3c5197b0262ed0805d8ab33926be390a,28801
- completed:
    hackage: gltf-codec-0.1.0.4@sha256:41f3718e93b273ca65fd3072fd02ca59dec1c978a56dc891c62b53821c332326,2633
    pantry-tree:
      size: 1619
      sha256: 8ea5a6aa2de74c5b6d5b2d17c057421fce81577a0cf1f8f51f2cb4e7e0ecb5be
  original:
    hackage: gltf-codec-0.1.0.4@sha256:41f3718e93b273ca65fd3072fd02ca59dec1c978a56dc891c62b53821c332326,2633
- completed:
    hackage: gltf-loader-0.3.0.0@sha256:e1ebcadd308fa53fadfa284ad8e374cba96d44ed0939f52708534f8ae4feb6f7,5837
    pantry-tree:
      size: 1863
      sha256: 556fefe2e71c1c8d4927ec467ad86f7308f8e8b377f43ed4c328ab5f2de37daf
  original:
    hackage: gltf-loader-0.3.0.0@sha256:e1ebcadd308fa53fadfa284ad8e374cba96d44ed0939f52708534f8ae4feb6f7,5837
snapshots:
- completed:
    size: 649606
    url: https://raw.githubusercontent.com/commercialhaskell/stackage-snapshots/master/lts/20/18.yaml
    sha256: 9fa4bece7acfac1fc7930c5d6e24606004b09e80aa0e52e9f68b148201008db9
  original:
    url: https://raw.githubusercontent.com/commercialhaskell/stackage-snapshots/master/lts/20/18.yaml
