# This file was autogenerated by Stack.
# You should not edit this file by hand.
# For more information, please see the documentation at:
#   https://docs.haskellstack.org/en/stable/lock_files

packages:
- completed:
    hackage: gltf-codec-0.1.0.4@sha256:a2221740fb9bb3b9e826e310fdca63f3078fa750d0e21112c68b467a7c319469,2752
    pantry-tree:
      size: 1619
      sha256: 1b6536f0d71c5f2b0beeec3bceb9591d32ea9bb6ebe826a11265628aebe43079
  original:
    hackage: gltf-codec-0.1.0.4@sha256:a2221740fb9bb3b9e826e310fdca63f3078fa750d0e21112c68b467a7c319469,2752
snapshots:
- completed:
    size: 640239
    url: https://raw.githubusercontent.com/commercialhaskell/stackage-snapshots/master/lts/21/6.yaml
    sha256: 2e7d4a730d8eb5373b2d383fac84efcf7c81e3b7a5fce71b4c2e19a1768f25a6
  original:
    url: https://raw.githubusercontent.com/commercialhaskell/stackage-snapshots/master/lts/21/6.yaml
